// !$*UTF8*$!
{
	archiveVersion = 1;
	classes = {
	};
	objectVersion = 50;
	objects = {

/* Begin PBXBuildFile section */
		FA23F56424F9ED9500B06528 /* MapVC.swift in Sources */ = {isa = PBXBuildFile; fileRef = FA23F56324F9ED9500B06528 /* MapVC.swift */; };
		FA2D71A924F5E7A2006A56EA /* AppDelegate.swift in Sources */ = {isa = PBXBuildFile; fileRef = FA2D71A824F5E7A2006A56EA /* AppDelegate.swift */; };
		FA2D71AB24F5E7A2006A56EA /* SceneDelegate.swift in Sources */ = {isa = PBXBuildFile; fileRef = FA2D71AA24F5E7A2006A56EA /* SceneDelegate.swift */; };
		FA2D71B024F5E7A2006A56EA /* Main.storyboard in Resources */ = {isa = PBXBuildFile; fileRef = FA2D71AE24F5E7A2006A56EA /* Main.storyboard */; };
		FA2D71B224F5E7A8006A56EA /* Assets.xcassets in Resources */ = {isa = PBXBuildFile; fileRef = FA2D71B124F5E7A8006A56EA /* Assets.xcassets */; };
		FA2D71B524F5E7A8006A56EA /* LaunchScreen.storyboard in Resources */ = {isa = PBXBuildFile; fileRef = FA2D71B324F5E7A8006A56EA /* LaunchScreen.storyboard */; };
		FA2D71BD24F5E8B4006A56EA /* RPTabBarController.swift in Sources */ = {isa = PBXBuildFile; fileRef = FA2D71BC24F5E8B4006A56EA /* RPTabBarController.swift */; };
		FA2D71BF24F5ED6C006A56EA /* MainVC.swift in Sources */ = {isa = PBXBuildFile; fileRef = FA2D71BE24F5ED6C006A56EA /* MainVC.swift */; };
		FA2D71C124F5EDB5006A56EA /* MoviesVC.swift in Sources */ = {isa = PBXBuildFile; fileRef = FA2D71C024F5EDB5006A56EA /* MoviesVC.swift */; };
		FACA242824F88FF7003B1933 /* RPButton.swift in Sources */ = {isa = PBXBuildFile; fileRef = FACA242724F88FF7003B1933 /* RPButton.swift */; };
		FACA242A24F89631003B1933 /* RPTitleLabel.swift in Sources */ = {isa = PBXBuildFile; fileRef = FACA242924F89631003B1933 /* RPTitleLabel.swift */; };
		FACA242C24F89F1F003B1933 /* RandomPlanVC.swift in Sources */ = {isa = PBXBuildFile; fileRef = FACA242B24F89F1F003B1933 /* RandomPlanVC.swift */; };
		FACA242E24F8A613003B1933 /* RPBodyLabel.swift in Sources */ = {isa = PBXBuildFile; fileRef = FACA242D24F8A613003B1933 /* RPBodyLabel.swift */; };
/* End PBXBuildFile section */

/* Begin PBXFileReference section */
		FA23F56324F9ED9500B06528 /* MapVC.swift */ = {isa = PBXFileReference; lastKnownFileType = sourcecode.swift; path = MapVC.swift; sourceTree = "<group>"; };
		FA2D71A524F5E7A2006A56EA /* RandomPlan.app */ = {isa = PBXFileReference; explicitFileType = wrapper.application; includeInIndex = 0; path = RandomPlan.app; sourceTree = BUILT_PRODUCTS_DIR; };
		FA2D71A824F5E7A2006A56EA /* AppDelegate.swift */ = {isa = PBXFileReference; lastKnownFileType = sourcecode.swift; path = AppDelegate.swift; sourceTree = "<group>"; };
		FA2D71AA24F5E7A2006A56EA /* SceneDelegate.swift */ = {isa = PBXFileReference; lastKnownFileType = sourcecode.swift; path = SceneDelegate.swift; sourceTree = "<group>"; };
		FA2D71AF24F5E7A2006A56EA /* Base */ = {isa = PBXFileReference; lastKnownFileType = file.storyboard; name = Base; path = Base.lproj/Main.storyboard; sourceTree = "<group>"; };
		FA2D71B124F5E7A8006A56EA /* Assets.xcassets */ = {isa = PBXFileReference; lastKnownFileType = folder.assetcatalog; path = Assets.xcassets; sourceTree = "<group>"; };
		FA2D71B424F5E7A8006A56EA /* Base */ = {isa = PBXFileReference; lastKnownFileType = file.storyboard; name = Base; path = Base.lproj/LaunchScreen.storyboard; sourceTree = "<group>"; };
		FA2D71B624F5E7A8006A56EA /* Info.plist */ = {isa = PBXFileReference; lastKnownFileType = text.plist.xml; path = Info.plist; sourceTree = "<group>"; };
		FA2D71BC24F5E8B4006A56EA /* RPTabBarController.swift */ = {isa = PBXFileReference; lastKnownFileType = sourcecode.swift; path = RPTabBarController.swift; sourceTree = "<group>"; };
		FA2D71BE24F5ED6C006A56EA /* MainVC.swift */ = {isa = PBXFileReference; lastKnownFileType = sourcecode.swift; path = MainVC.swift; sourceTree = "<group>"; };
		FA2D71C024F5EDB5006A56EA /* MoviesVC.swift */ = {isa = PBXFileReference; lastKnownFileType = sourcecode.swift; path = MoviesVC.swift; sourceTree = "<group>"; };
		FACA242724F88FF7003B1933 /* RPButton.swift */ = {isa = PBXFileReference; lastKnownFileType = sourcecode.swift; path = RPButton.swift; sourceTree = "<group>"; };
		FACA242924F89631003B1933 /* RPTitleLabel.swift */ = {isa = PBXFileReference; lastKnownFileType = sourcecode.swift; path = RPTitleLabel.swift; sourceTree = "<group>"; };
		FACA242B24F89F1F003B1933 /* RandomPlanVC.swift */ = {isa = PBXFileReference; lastKnownFileType = sourcecode.swift; path = RandomPlanVC.swift; sourceTree = "<group>"; };
		FACA242D24F8A613003B1933 /* RPBodyLabel.swift */ = {isa = PBXFileReference; lastKnownFileType = sourcecode.swift; path = RPBodyLabel.swift; sourceTree = "<group>"; };
/* End PBXFileReference section */

/* Begin PBXFrameworksBuildPhase section */
		FA2D71A224F5E7A2006A56EA /* Frameworks */ = {
			isa = PBXFrameworksBuildPhase;
			buildActionMask = 2147483647;
			files = (
			);
			runOnlyForDeploymentPostprocessing = 0;
		};
/* End PBXFrameworksBuildPhase section */

/* Begin PBXGroup section */
		FA2D719C24F5E7A2006A56EA = {
			isa = PBXGroup;
			children = (
				FA2D71A724F5E7A2006A56EA /* RandomPlan */,
				FA2D71A624F5E7A2006A56EA /* Products */,
			);
			sourceTree = "<group>";
		};
		FA2D71A624F5E7A2006A56EA /* Products */ = {
			isa = PBXGroup;
			children = (
				FA2D71A524F5E7A2006A56EA /* RandomPlan.app */,
			);
			name = Products;
			sourceTree = "<group>";
		};
		FA2D71A724F5E7A2006A56EA /* RandomPlan */ = {
			isa = PBXGroup;
			children = (
				FA2D71C224F5EDB9006A56EA /* Screens */,
				FA2D71A824F5E7A2006A56EA /* AppDelegate.swift */,
				FA2D71AA24F5E7A2006A56EA /* SceneDelegate.swift */,
				FA2D71AE24F5E7A2006A56EA /* Main.storyboard */,
				FA2D71B124F5E7A8006A56EA /* Assets.xcassets */,
				FA2D71B324F5E7A8006A56EA /* LaunchScreen.storyboard */,
				FA2D71B624F5E7A8006A56EA /* Info.plist */,
				FA2D71BC24F5E8B4006A56EA /* RPTabBarController.swift */,
				FACA242724F88FF7003B1933 /* RPButton.swift */,
				FACA242924F89631003B1933 /* RPTitleLabel.swift */,
				FACA242D24F8A613003B1933 /* RPBodyLabel.swift */,
			);
			path = RandomPlan;
			sourceTree = "<group>";
		};
		FA2D71C224F5EDB9006A56EA /* Screens */ = {
			isa = PBXGroup;
			children = (
				FA2D71BE24F5ED6C006A56EA /* MainVC.swift */,
				FA2D71C024F5EDB5006A56EA /* MoviesVC.swift */,
				FACA242B24F89F1F003B1933 /* RandomPlanVC.swift */,
				FA23F56324F9ED9500B06528 /* MapVC.swift */,
			);
			path = Screens;
			sourceTree = "<group>";
		};
/* End PBXGroup section */

/* Begin PBXNativeTarget section */
		FA2D71A424F5E7A2006A56EA /* RandomPlan */ = {
			isa = PBXNativeTarget;
			buildConfigurationList = FA2D71B924F5E7A8006A56EA /* Build configuration list for PBXNativeTarget "RandomPlan" */;
			buildPhases = (
				FA2D71A124F5E7A2006A56EA /* Sources */,
				FA2D71A224F5E7A2006A56EA /* Frameworks */,
				FA2D71A324F5E7A2006A56EA /* Resources */,
			);
			buildRules = (
			);
			dependencies = (
			);
			name = RandomPlan;
			productName = RandomPlan;
			productReference = FA2D71A524F5E7A2006A56EA /* RandomPlan.app */;
			productType = "com.apple.product-type.application";
		};
/* End PBXNativeTarget section */

/* Begin PBXProject section */
		FA2D719D24F5E7A2006A56EA /* Project object */ = {
			isa = PBXProject;
			attributes = {
				LastSwiftUpdateCheck = 1160;
				LastUpgradeCheck = 1160;
				ORGANIZATIONNAME = "Alejandro Terrazas";
				TargetAttributes = {
					FA2D71A424F5E7A2006A56EA = {
						CreatedOnToolsVersion = 11.6;
					};
				};
			};
			buildConfigurationList = FA2D71A024F5E7A2006A56EA /* Build configuration list for PBXProject "RandomPlan" */;
			compatibilityVersion = "Xcode 9.3";
			developmentRegion = en;
			hasScannedForEncodings = 0;
			knownRegions = (
				en,
				Base,
			);
			mainGroup = FA2D719C24F5E7A2006A56EA;
			productRefGroup = FA2D71A624F5E7A2006A56EA /* Products */;
			projectDirPath = "";
			projectRoot = "";
			targets = (
				FA2D71A424F5E7A2006A56EA /* RandomPlan */,
			);
		};
/* End PBXProject section */

/* Begin PBXResourcesBuildPhase section */
		FA2D71A324F5E7A2006A56EA /* Resources */ = {
			isa = PBXResourcesBuildPhase;
			buildActionMask = 2147483647;
			files = (
				FA2D71B524F5E7A8006A56EA /* LaunchScreen.storyboard in Resources */,
				FA2D71B224F5E7A8006A56EA /* Assets.xcassets in Resources */,
				FA2D71B024F5E7A2006A56EA /* Main.storyboard in Resources */,
			);
			runOnlyForDeploymentPostprocessing = 0;
		};
/* End PBXResourcesBuildPhase section */

/* Begin PBXSourcesBuildPhase section */
		FA2D71A124F5E7A2006A56EA /* Sources */ = {
			isa = PBXSourcesBuildPhase;
			buildActionMask = 2147483647;
			files = (
				FA2D71BF24F5ED6C006A56EA /* MainVC.swift in Sources */,
				FACA242824F88FF7003B1933 /* RPButton.swift in Sources */,
				FACA242C24F89F1F003B1933 /* RandomPlanVC.swift in Sources */,
				FA2D71BD24F5E8B4006A56EA /* RPTabBarController.swift in Sources */,
				FA2D71A924F5E7A2006A56EA /* AppDelegate.swift in Sources */,
				FA23F56424F9ED9500B06528 /* MapVC.swift in Sources */,
				FACA242E24F8A613003B1933 /* RPBodyLabel.swift in Sources */,
				FACA242A24F89631003B1933 /* RPTitleLabel.swift in Sources */,
				FA2D71AB24F5E7A2006A56EA /* SceneDelegate.swift in Sources */,
				FA2D71C124F5EDB5006A56EA /* MoviesVC.swift in Sources */,
			);
			runOnlyForDeploymentPostprocessing = 0;
		};
/* End PBXSourcesBuildPhase section */

/* Begin PBXVariantGroup section */
		FA2D71AE24F5E7A2006A56EA /* Main.storyboard */ = {
			isa = PBXVariantGroup;
			children = (
				FA2D71AF24F5E7A2006A56EA /* Base */,
			);
			name = Main.storyboard;
			sourceTree = "<group>";
		};
		FA2D71B324F5E7A8006A56EA /* LaunchScreen.storyboard */ = {
			isa = PBXVariantGroup;
			children = (
				FA2D71B424F5E7A8006A56EA /* Base */,
			);
			name = LaunchScreen.storyboard;
			sourceTree = "<group>";
		};
/* End PBXVariantGroup section */

/* Begin XCBuildConfiguration section */
		FA2D71B724F5E7A8006A56EA /* Debug */ = {
			isa = XCBuildConfiguration;
			buildSettings = {
				ALWAYS_SEARCH_USER_PATHS = NO;
				CLANG_ANALYZER_NONNULL = YES;
				CLANG_ANALYZER_NUMBER_OBJECT_CONVERSION = YES_AGGRESSIVE;
				CLANG_CXX_LANGUAGE_STANDARD = "gnu++14";
				CLANG_CXX_LIBRARY = "libc++";
				CLANG_ENABLE_MODULES = YES;
				CLANG_ENABLE_OBJC_ARC = YES;
				CLANG_ENABLE_OBJC_WEAK = YES;
				CLANG_WARN_BLOCK_CAPTURE_AUTORELEASING = YES;
				CLANG_WARN_BOOL_CONVERSION = YES;
				CLANG_WARN_COMMA = YES;
				CLANG_WARN_CONSTANT_CONVERSION = YES;
				CLANG_WARN_DEPRECATED_OBJC_IMPLEMENTATIONS = YES;
				CLANG_WARN_DIRECT_OBJC_ISA_USAGE = YES_ERROR;
				CLANG_WARN_DOCUMENTATION_COMMENTS = YES;
				CLANG_WARN_EMPTY_BODY = YES;
				CLANG_WARN_ENUM_CONVERSION = YES;
				CLANG_WARN_INFINITE_RECURSION = YES;
				CLANG_WARN_INT_CONVERSION = YES;
				CLANG_WARN_NON_LITERAL_NULL_CONVERSION = YES;
				CLANG_WARN_OBJC_IMPLICIT_RETAIN_SELF = YES;
				CLANG_WARN_OBJC_LITERAL_CONVERSION = YES;
				CLANG_WARN_OBJC_ROOT_CLASS = YES_ERROR;
				CLANG_WARN_RANGE_LOOP_ANALYSIS = YES;
				CLANG_WARN_STRICT_PROTOTYPES = YES;
				CLANG_WARN_SUSPICIOUS_MOVE = YES;
				CLANG_WARN_UNGUARDED_AVAILABILITY = YES_AGGRESSIVE;
				CLANG_WARN_UNREACHABLE_CODE = YES;
				CLANG_WARN__DUPLICATE_METHOD_MATCH = YES;
				COPY_PHASE_STRIP = NO;
				DEBUG_INFORMATION_FORMAT = dwarf;
				ENABLE_STRICT_OBJC_MSGSEND = YES;
				ENABLE_TESTABILITY = YES;
				GCC_C_LANGUAGE_STANDARD = gnu11;
				GCC_DYNAMIC_NO_PIC = NO;
				GCC_NO_COMMON_BLOCKS = YES;
				GCC_OPTIMIZATION_LEVEL = 0;
				GCC_PREPROCESSOR_DEFINITIONS = (
					"DEBUG=1",
					"$(inherited)",
				);
				GCC_WARN_64_TO_32_BIT_CONVERSION = YES;
				GCC_WARN_ABOUT_RETURN_TYPE = YES_ERROR;
				GCC_WARN_UNDECLARED_SELECTOR = YES;
				GCC_WARN_UNINITIALIZED_AUTOS = YES_AGGRESSIVE;
				GCC_WARN_UNUSED_FUNCTION = YES;
				GCC_WARN_UNUSED_VARIABLE = YES;
				IPHONEOS_DEPLOYMENT_TARGET = 13.6;
				MTL_ENABLE_DEBUG_INFO = INCLUDE_SOURCE;
				MTL_FAST_MATH = YES;
				ONLY_ACTIVE_ARCH = YES;
				SDKROOT = iphoneos;
				SWIFT_ACTIVE_COMPILATION_CONDITIONS = DEBUG;
				SWIFT_OPTIMIZATION_LEVEL = "-Onone";
			};
			name = Debug;
		};
		FA2D71B824F5E7A8006A56EA /* Release */ = {
			isa = XCBuildConfiguration;
			buildSettings = {
				ALWAYS_SEARCH_USER_PATHS = NO;
				CLANG_ANALYZER_NONNULL = YES;
				CLANG_ANALYZER_NUMBER_OBJECT_CONVERSION = YES_AGGRESSIVE;
				CLANG_CXX_LANGUAGE_STANDARD = "gnu++14";
				CLANG_CXX_LIBRARY = "libc++";
				CLANG_ENABLE_MODULES = YES;
				CLANG_ENABLE_OBJC_ARC = YES;
				CLANG_ENABLE_OBJC_WEAK = YES;
				CLANG_WARN_BLOCK_CAPTURE_AUTORELEASING = YES;
				CLANG_WARN_BOOL_CONVERSION = YES;
				CLANG_WARN_COMMA = YES;
				CLANG_WARN_CONSTANT_CONVERSION = YES;
				CLANG_WARN_DEPRECATED_OBJC_IMPLEMENTATIONS = YES;
				CLANG_WARN_DIRECT_OBJC_ISA_USAGE = YES_ERROR;
				CLANG_WARN_DOCUMENTATION_COMMENTS = YES;
				CLANG_WARN_EMPTY_BODY = YES;
				CLANG_WARN_ENUM_CONVERSION = YES;
				CLANG_WARN_INFINITE_RECURSION = YES;
				CLANG_WARN_INT_CONVERSION = YES;
				CLANG_WARN_NON_LITERAL_NULL_CONVERSION = YES;
				CLANG_WARN_OBJC_IMPLICIT_RETAIN_SELF = YES;
				CLANG_WARN_OBJC_LITERAL_CONVERSION = YES;
				CLANG_WARN_OBJC_ROOT_CLASS = YES_ERROR;
				CLANG_WARN_RANGE_LOOP_ANALYSIS = YES;
				CLANG_WARN_STRICT_PROTOTYPES = YES;
				CLANG_WARN_SUSPICIOUS_MOVE = YES;
				CLANG_WARN_UNGUARDED_AVAILABILITY = YES_AGGRESSIVE;
				CLANG_WARN_UNREACHABLE_CODE = YES;
				CLANG_WARN__DUPLICATE_METHOD_MATCH = YES;
				COPY_PHASE_STRIP = NO;
				DEBUG_INFORMATION_FORMAT = "dwarf-with-dsym";
				ENABLE_NS_ASSERTIONS = NO;
				ENABLE_STRICT_OBJC_MSGSEND = YES;
				GCC_C_LANGUAGE_STANDARD = gnu11;
				GCC_NO_COMMON_BLOCKS = YES;
				GCC_WARN_64_TO_32_BIT_CONVERSION = YES;
				GCC_WARN_ABOUT_RETURN_TYPE = YES_ERROR;
				GCC_WARN_UNDECLARED_SELECTOR = YES;
				GCC_WARN_UNINITIALIZED_AUTOS = YES_AGGRESSIVE;
				GCC_WARN_UNUSED_FUNCTION = YES;
				GCC_WARN_UNUSED_VARIABLE = YES;
				IPHONEOS_DEPLOYMENT_TARGET = 13.6;
				MTL_ENABLE_DEBUG_INFO = NO;
				MTL_FAST_MATH = YES;
				SDKROOT = iphoneos;
				SWIFT_COMPILATION_MODE = wholemodule;
				SWIFT_OPTIMIZATION_LEVEL = "-O";
				VALIDATE_PRODUCT = YES;
			};
			name = Release;
		};
		FA2D71BA24F5E7A8006A56EA /* Debug */ = {
			isa = XCBuildConfiguration;
			buildSettings = {
				ASSETCATALOG_COMPILER_APPICON_NAME = AppIcon;
				CODE_SIGN_STYLE = Automatic;
				DEVELOPMENT_TEAM = GEN26J6NJR;
				INFOPLIST_FILE = RandomPlan/Info.plist;
				LD_RUNPATH_SEARCH_PATHS = (
					"$(inherited)",
					"@executable_path/Frameworks",
				);
				PRODUCT_BUNDLE_IDENTIFIER = terry.RandomPlan;
				PRODUCT_NAME = "$(TARGET_NAME)";
				SWIFT_VERSION = 5.0;
				TARGETED_DEVICE_FAMILY = "1,2";
			};
			name = Debug;
		};
		FA2D71BB24F5E7A8006A56EA /* Release */ = {
			isa = XCBuildConfiguration;
			buildSettings = {
				ASSETCATALOG_COMPILER_APPICON_NAME = AppIcon;
				CODE_SIGN_STYLE = Automatic;
				DEVELOPMENT_TEAM = GEN26J6NJR;
				INFOPLIST_FILE = RandomPlan/Info.plist;
				LD_RUNPATH_SEARCH_PATHS = (
					"$(inherited)",
					"@executable_path/Frameworks",
				);
				PRODUCT_BUNDLE_IDENTIFIER = terry.RandomPlan;
				PRODUCT_NAME = "$(TARGET_NAME)";
				SWIFT_VERSION = 5.0;
				TARGETED_DEVICE_FAMILY = "1,2";
			};
			name = Release;
		};
/* End XCBuildConfiguration section */

/* Begin XCConfigurationList section */
		FA2D71A024F5E7A2006A56EA /* Build configuration list for PBXProject "RandomPlan" */ = {
			isa = XCConfigurationList;
			buildConfigurations = (
				FA2D71B724F5E7A8006A56EA /* Debug */,
				FA2D71B824F5E7A8006A56EA /* Release */,
			);
			defaultConfigurationIsVisible = 0;
			defaultConfigurationName = Release;
		};
		FA2D71B924F5E7A8006A56EA /* Build configuration list for PBXNativeTarget "RandomPlan" */ = {
			isa = XCConfigurationList;
			buildConfigurations = (
				FA2D71BA24F5E7A8006A56EA /* Debug */,
				FA2D71BB24F5E7A8006A56EA /* Release */,
			);
			defaultConfigurationIsVisible = 0;
			defaultConfigurationName = Release;
		};
/* End XCConfigurationList section */
	};
	rootObject = FA2D719D24F5E7A2006A56EA /* Project object */;
}
